// !$*UTF8*$!
{
	archiveVersion = 1;
	classes = {
	};
	objectVersion = 56;
	objects = {

/* Begin PBXBuildFile section */
		1D0353D1298BBEC000B4AFD2 /* PinMapView.swift in Sources */ = {isa = PBXBuildFile; fileRef = 1D0353D0298BBEC000B4AFD2 /* PinMapView.swift */; };
		1D0353D5298BBFE600B4AFD2 /* GeoLocationService.swift in Sources */ = {isa = PBXBuildFile; fileRef = 1D0353D4298BBFE600B4AFD2 /* GeoLocationService.swift */; };
		1D0353DA298BC8E700B4AFD2 /* CreateEditPinViewModel.swift in Sources */ = {isa = PBXBuildFile; fileRef = 1D0353D9298BC8E700B4AFD2 /* CreateEditPinViewModel.swift */; };
		1D0353DE298BE25500B4AFD2 /* PinImages16View.swift in Sources */ = {isa = PBXBuildFile; fileRef = 1D0353DD298BE25500B4AFD2 /* PinImages16View.swift */; };
		1D0353E0298BE30400B4AFD2 /* PinImageThumbView.swift in Sources */ = {isa = PBXBuildFile; fileRef = 1D0353DF298BE30400B4AFD2 /* PinImageThumbView.swift */; };
		1D0353E2298BEC4B00B4AFD2 /* PinImages15View.swift in Sources */ = {isa = PBXBuildFile; fileRef = 1D0353E1298BEC4B00B4AFD2 /* PinImages15View.swift */; };
		1D239C16296F4C4200A166A2 /* MapPinsApp.swift in Sources */ = {isa = PBXBuildFile; fileRef = 1D239C15296F4C4200A166A2 /* MapPinsApp.swift */; };
		1D239C18296F4C4200A166A2 /* ContentView.swift in Sources */ = {isa = PBXBuildFile; fileRef = 1D239C17296F4C4200A166A2 /* ContentView.swift */; };
		1D239C1A296F4C4300A166A2 /* Assets.xcassets in Resources */ = {isa = PBXBuildFile; fileRef = 1D239C19296F4C4300A166A2 /* Assets.xcassets */; };
		1D239C1D296F4C4300A166A2 /* Preview Assets.xcassets in Resources */ = {isa = PBXBuildFile; fileRef = 1D239C1C296F4C4300A166A2 /* Preview Assets.xcassets */; };
		1D239C27296F4C4300A166A2 /* PinServiceTests.swift in Sources */ = {isa = PBXBuildFile; fileRef = 1D239C26296F4C4300A166A2 /* PinServiceTests.swift */; };
		1D239C31296F4C4300A166A2 /* MapPinsUITests.swift in Sources */ = {isa = PBXBuildFile; fileRef = 1D239C30296F4C4300A166A2 /* MapPinsUITests.swift */; };
		1D239C33296F4C4300A166A2 /* MapPinsUITestsLaunchTests.swift in Sources */ = {isa = PBXBuildFile; fileRef = 1D239C32296F4C4300A166A2 /* MapPinsUITestsLaunchTests.swift */; };
		1D239C44296F57C500A166A2 /* Localizable.strings in Resources */ = {isa = PBXBuildFile; fileRef = 1D239C46296F57C500A166A2 /* Localizable.strings */; };
		1D239C49296F71B700A166A2 /* Strings.swift in Sources */ = {isa = PBXBuildFile; fileRef = 1D239C48296F71B700A166A2 /* Strings.swift */; };
		1D239C512970174A00A166A2 /* people.json in Resources */ = {isa = PBXBuildFile; fileRef = 1D239C4D2970174A00A166A2 /* people.json */; };
		1D239C522970174A00A166A2 /* yummy.json in Resources */ = {isa = PBXBuildFile; fileRef = 1D239C4E2970174A00A166A2 /* yummy.json */; };
		1D239C532970174A00A166A2 /* rating.json in Resources */ = {isa = PBXBuildFile; fileRef = 1D239C4F2970174A00A166A2 /* rating.json */; };
		1D239C542970174A00A166A2 /* map.json in Resources */ = {isa = PBXBuildFile; fileRef = 1D239C502970174A00A166A2 /* map.json */; };
		1D239C56297040C400A166A2 /* Lotties.swift in Sources */ = {isa = PBXBuildFile; fileRef = 1D239C55297040C400A166A2 /* Lotties.swift */; };
		1D239C5C297043FB00A166A2 /* Lottie in Frameworks */ = {isa = PBXBuildFile; productRef = 1D239C5B297043FB00A166A2 /* Lottie */; };
		1D239C5E2970465200A166A2 /* Colors.xcassets in Resources */ = {isa = PBXBuildFile; fileRef = 1D239C5D2970465200A166A2 /* Colors.xcassets */; };
		1D239C76297050DB00A166A2 /* Poppins-SemiBold.ttf in Resources */ = {isa = PBXBuildFile; fileRef = 1D239C71297050C300A166A2 /* Poppins-SemiBold.ttf */; };
		1D239C77297050DB00A166A2 /* Poppins-LightItalic.ttf in Resources */ = {isa = PBXBuildFile; fileRef = 1D239C66297050C200A166A2 /* Poppins-LightItalic.ttf */; };
		1D239C78297050DB00A166A2 /* Poppins-SemiBoldItalic.ttf in Resources */ = {isa = PBXBuildFile; fileRef = 1D239C6F297050C300A166A2 /* Poppins-SemiBoldItalic.ttf */; };
		1D239C79297050DB00A166A2 /* Poppins-ExtraBoldItalic.ttf in Resources */ = {isa = PBXBuildFile; fileRef = 1D239C67297050C200A166A2 /* Poppins-ExtraBoldItalic.ttf */; };
		1D239C7A297050DB00A166A2 /* Poppins-Thin.ttf in Resources */ = {isa = PBXBuildFile; fileRef = 1D239C65297050C200A166A2 /* Poppins-Thin.ttf */; };
		1D239C7B297050DB00A166A2 /* Poppins-Medium.ttf in Resources */ = {isa = PBXBuildFile; fileRef = 1D239C73297050C300A166A2 /* Poppins-Medium.ttf */; };
		1D239C7C297050DB00A166A2 /* Poppins-Black.ttf in Resources */ = {isa = PBXBuildFile; fileRef = 1D239C70297050C300A166A2 /* Poppins-Black.ttf */; };
		1D239C7D297050DB00A166A2 /* Poppins-BlackItalic.ttf in Resources */ = {isa = PBXBuildFile; fileRef = 1D239C6C297050C300A166A2 /* Poppins-BlackItalic.ttf */; };
		1D239C7E297050DB00A166A2 /* Poppins-Italic.ttf in Resources */ = {isa = PBXBuildFile; fileRef = 1D239C6A297050C300A166A2 /* Poppins-Italic.ttf */; };
		1D239C7F297050DB00A166A2 /* Poppins-ExtraLightItalic.ttf in Resources */ = {isa = PBXBuildFile; fileRef = 1D239C68297050C300A166A2 /* Poppins-ExtraLightItalic.ttf */; };
		1D239C80297050DB00A166A2 /* Poppins-MediumItalic.ttf in Resources */ = {isa = PBXBuildFile; fileRef = 1D239C64297050C200A166A2 /* Poppins-MediumItalic.ttf */; };
		1D239C81297050DB00A166A2 /* Poppins-BoldItalic.ttf in Resources */ = {isa = PBXBuildFile; fileRef = 1D239C69297050C300A166A2 /* Poppins-BoldItalic.ttf */; };
		1D239C82297050DB00A166A2 /* Poppins-Light.ttf in Resources */ = {isa = PBXBuildFile; fileRef = 1D239C6E297050C300A166A2 /* Poppins-Light.ttf */; };
		1D239C83297050DB00A166A2 /* Poppins-ThinItalic.ttf in Resources */ = {isa = PBXBuildFile; fileRef = 1D239C75297050C400A166A2 /* Poppins-ThinItalic.ttf */; };
		1D239C84297050DB00A166A2 /* Poppins-Regular.ttf in Resources */ = {isa = PBXBuildFile; fileRef = 1D239C74297050C400A166A2 /* Poppins-Regular.ttf */; };
		1D239C85297050DB00A166A2 /* Poppins-Bold.ttf in Resources */ = {isa = PBXBuildFile; fileRef = 1D239C72297050C300A166A2 /* Poppins-Bold.ttf */; };
		1D239C86297050DB00A166A2 /* Poppins-ExtraLight.ttf in Resources */ = {isa = PBXBuildFile; fileRef = 1D239C6B297050C300A166A2 /* Poppins-ExtraLight.ttf */; };
		1D239C87297050DB00A166A2 /* Poppins-ExtraBold.ttf in Resources */ = {isa = PBXBuildFile; fileRef = 1D239C6D297050C300A166A2 /* Poppins-ExtraBold.ttf */; };
		1D239C8A297052A800A166A2 /* Fonts.swift in Sources */ = {isa = PBXBuildFile; fileRef = 1D239C89297052A800A166A2 /* Fonts.swift */; };
		1D239C8C297053E800A166A2 /* Assets.swift in Sources */ = {isa = PBXBuildFile; fileRef = 1D239C8B297053E800A166A2 /* Assets.swift */; };
		1D3020B1298ABBA5009A1C2C /* FooterGradient.swift in Sources */ = {isa = PBXBuildFile; fileRef = 1D3020B0298ABBA5009A1C2C /* FooterGradient.swift */; };
		1D32ED63297EC97F003126D9 /* FileSystemStore in Frameworks */ = {isa = PBXBuildFile; productRef = 1D32ED62297EC97F003126D9 /* FileSystemStore */; };
		1D88BBE82978890A00A0D05D /* OnboardingNameView.swift in Sources */ = {isa = PBXBuildFile; fileRef = 1D88BBE72978890A00A0D05D /* OnboardingNameView.swift */; };
		1D9BBC7929795023005DDBA9 /* TextViews.swift in Sources */ = {isa = PBXBuildFile; fileRef = 1D9BBC7829795023005DDBA9 /* TextViews.swift */; };
		1DA0A32F298279CD007FED5C /* yummy-dark.json in Resources */ = {isa = PBXBuildFile; fileRef = 1DA0A32E298279CC007FED5C /* yummy-dark.json */; };
		1DA0A3332982BE6F007FED5C /* AddressSearchView.swift in Sources */ = {isa = PBXBuildFile; fileRef = 1DA0A3322982BE6F007FED5C /* AddressSearchView.swift */; };
		1DA0A3372982D16E007FED5C /* EmptyList.swift in Sources */ = {isa = PBXBuildFile; fileRef = 1DA0A3362982D16E007FED5C /* EmptyList.swift */; };
		1DA0A3392982D750007FED5C /* AddressSearchViewModel.swift in Sources */ = {isa = PBXBuildFile; fileRef = 1DA0A3382982D750007FED5C /* AddressSearchViewModel.swift */; };
		1DC7C2FC29796F5200A451DE /* UserDefaultsKeys.swift in Sources */ = {isa = PBXBuildFile; fileRef = 1DC7C2FB29796F5200A451DE /* UserDefaultsKeys.swift */; };
		1DC7C2FF297975AB00A451DE /* OnboardingIntroViewStep.swift in Sources */ = {isa = PBXBuildFile; fileRef = 1DC7C2FE297975AB00A451DE /* OnboardingIntroViewStep.swift */; };
		1DC7C31F297AEB7800A451DE /* AddressAutocompleteModel.swift in Sources */ = {isa = PBXBuildFile; fileRef = 1DC7C31E297AEB7800A451DE /* AddressAutocompleteModel.swift */; };
		1DC7C321297AEC0800A451DE /* PinModel.swift in Sources */ = {isa = PBXBuildFile; fileRef = 1DC7C320297AEC0800A451DE /* PinModel.swift */; };
		1DC7C324297AEE4000A451DE /* Engine.swift in Sources */ = {isa = PBXBuildFile; fileRef = 1DC7C323297AEE4000A451DE /* Engine.swift */; };
		1DC7C326297AEE6B00A451DE /* PinService.swift in Sources */ = {isa = PBXBuildFile; fileRef = 1DC7C325297AEE6B00A451DE /* PinService.swift */; };
		1DC7C328297AEF0700A451DE /* LoadedData.swift in Sources */ = {isa = PBXBuildFile; fileRef = 1DC7C327297AEF0700A451DE /* LoadedData.swift */; };
		1DC7C32E297E803C00A451DE /* FileStoredData.swift in Sources */ = {isa = PBXBuildFile; fileRef = 1DC7C32D297E803C00A451DE /* FileStoredData.swift */; };
		1DE6F2F029768E8800AF4E64 /* OnboardingIntroView.swift in Sources */ = {isa = PBXBuildFile; fileRef = 1DE6F2EF29768E8800AF4E64 /* OnboardingIntroView.swift */; };
		1DE6F2F52976980500AF4E64 /* LottieView.swift in Sources */ = {isa = PBXBuildFile; fileRef = 1DE6F2F42976980500AF4E64 /* LottieView.swift */; };
		1DE6F2F829769ACA00AF4E64 /* UIProperties.swift in Sources */ = {isa = PBXBuildFile; fileRef = 1DE6F2F729769ACA00AF4E64 /* UIProperties.swift */; };
		1DE6F2FB2976E95400AF4E64 /* ButtonView.swift in Sources */ = {isa = PBXBuildFile; fileRef = 1DE6F2FA2976E95400AF4E64 /* ButtonView.swift */; };
		1DF947B62983DE5B005B6DDD /* CreateEditPinView.swift in Sources */ = {isa = PBXBuildFile; fileRef = 1DF947B52983DE5B005B6DDD /* CreateEditPinView.swift */; };
		1DF947B82983DFD6005B6DDD /* CloseButton.swift in Sources */ = {isa = PBXBuildFile; fileRef = 1DF947B72983DFD6005B6DDD /* CloseButton.swift */; };
		1DF947BC298411B7005B6DDD /* BackButton.swift in Sources */ = {isa = PBXBuildFile; fileRef = 1DF947BB298411B7005B6DDD /* BackButton.swift */; };
		1DF947BF29841DD3005B6DDD /* Introspect in Frameworks */ = {isa = PBXBuildFile; productRef = 1DF947BE29841DD3005B6DDD /* Introspect */; };
		1DF947C2298434B7005B6DDD /* StarRating in Frameworks */ = {isa = PBXBuildFile; productRef = 1DF947C1298434B7005B6DDD /* StarRating */; };
		1DF947C52984818A005B6DDD /* ImagePickerView in Frameworks */ = {isa = PBXBuildFile; productRef = 1DF947C42984818A005B6DDD /* ImagePickerView */; };
/* End PBXBuildFile section */

/* Begin PBXContainerItemProxy section */
		1D239C23296F4C4300A166A2 /* PBXContainerItemProxy */ = {
			isa = PBXContainerItemProxy;
			containerPortal = 1D239C0A296F4C4100A166A2 /* Project object */;
			proxyType = 1;
			remoteGlobalIDString = 1D239C11296F4C4200A166A2;
			remoteInfo = MapPins;
		};
		1D239C2D296F4C4300A166A2 /* PBXContainerItemProxy */ = {
			isa = PBXContainerItemProxy;
			containerPortal = 1D239C0A296F4C4100A166A2 /* Project object */;
			proxyType = 1;
			remoteGlobalIDString = 1D239C11296F4C4200A166A2;
			remoteInfo = MapPins;
		};
/* End PBXContainerItemProxy section */

/* Begin PBXFileReference section */
		1D0353D0298BBEC000B4AFD2 /* PinMapView.swift */ = {isa = PBXFileReference; lastKnownFileType = sourcecode.swift; path = PinMapView.swift; sourceTree = "<group>"; };
		1D0353D4298BBFE600B4AFD2 /* GeoLocationService.swift */ = {isa = PBXFileReference; lastKnownFileType = sourcecode.swift; path = GeoLocationService.swift; sourceTree = "<group>"; };
		1D0353D9298BC8E700B4AFD2 /* CreateEditPinViewModel.swift */ = {isa = PBXFileReference; lastKnownFileType = sourcecode.swift; path = CreateEditPinViewModel.swift; sourceTree = "<group>"; };
		1D0353DD298BE25500B4AFD2 /* PinImages16View.swift */ = {isa = PBXFileReference; lastKnownFileType = sourcecode.swift; path = PinImages16View.swift; sourceTree = "<group>"; };
		1D0353DF298BE30400B4AFD2 /* PinImageThumbView.swift */ = {isa = PBXFileReference; lastKnownFileType = sourcecode.swift; path = PinImageThumbView.swift; sourceTree = "<group>"; };
		1D0353E1298BEC4B00B4AFD2 /* PinImages15View.swift */ = {isa = PBXFileReference; lastKnownFileType = sourcecode.swift; path = PinImages15View.swift; sourceTree = "<group>"; };
		1D239C12296F4C4200A166A2 /* MapPins.app */ = {isa = PBXFileReference; explicitFileType = wrapper.application; includeInIndex = 0; path = MapPins.app; sourceTree = BUILT_PRODUCTS_DIR; };
		1D239C15296F4C4200A166A2 /* MapPinsApp.swift */ = {isa = PBXFileReference; lastKnownFileType = sourcecode.swift; path = MapPinsApp.swift; sourceTree = "<group>"; };
		1D239C17296F4C4200A166A2 /* ContentView.swift */ = {isa = PBXFileReference; lastKnownFileType = sourcecode.swift; path = ContentView.swift; sourceTree = "<group>"; };
		1D239C19296F4C4300A166A2 /* Assets.xcassets */ = {isa = PBXFileReference; lastKnownFileType = folder.assetcatalog; path = Assets.xcassets; sourceTree = "<group>"; };
		1D239C1C296F4C4300A166A2 /* Preview Assets.xcassets */ = {isa = PBXFileReference; lastKnownFileType = folder.assetcatalog; path = "Preview Assets.xcassets"; sourceTree = "<group>"; };
		1D239C22296F4C4300A166A2 /* MapPinsTests.xctest */ = {isa = PBXFileReference; explicitFileType = wrapper.cfbundle; includeInIndex = 0; path = MapPinsTests.xctest; sourceTree = BUILT_PRODUCTS_DIR; };
		1D239C26296F4C4300A166A2 /* PinServiceTests.swift */ = {isa = PBXFileReference; lastKnownFileType = sourcecode.swift; path = PinServiceTests.swift; sourceTree = "<group>"; };
		1D239C2C296F4C4300A166A2 /* MapPinsUITests.xctest */ = {isa = PBXFileReference; explicitFileType = wrapper.cfbundle; includeInIndex = 0; path = MapPinsUITests.xctest; sourceTree = BUILT_PRODUCTS_DIR; };
		1D239C30296F4C4300A166A2 /* MapPinsUITests.swift */ = {isa = PBXFileReference; lastKnownFileType = sourcecode.swift; path = MapPinsUITests.swift; sourceTree = "<group>"; };
		1D239C32296F4C4300A166A2 /* MapPinsUITestsLaunchTests.swift */ = {isa = PBXFileReference; lastKnownFileType = sourcecode.swift; path = MapPinsUITestsLaunchTests.swift; sourceTree = "<group>"; };
		1D239C45296F57C500A166A2 /* en */ = {isa = PBXFileReference; lastKnownFileType = text.plist.strings; name = en; path = en.lproj/Localizable.strings; sourceTree = "<group>"; };
		1D239C48296F71B700A166A2 /* Strings.swift */ = {isa = PBXFileReference; fileEncoding = 4; lastKnownFileType = sourcecode.swift; path = Strings.swift; sourceTree = "<group>"; };
		1D239C4D2970174A00A166A2 /* people.json */ = {isa = PBXFileReference; fileEncoding = 4; lastKnownFileType = text.json; path = people.json; sourceTree = "<group>"; };
		1D239C4E2970174A00A166A2 /* yummy.json */ = {isa = PBXFileReference; fileEncoding = 4; lastKnownFileType = text.json; path = yummy.json; sourceTree = "<group>"; };
		1D239C4F2970174A00A166A2 /* rating.json */ = {isa = PBXFileReference; fileEncoding = 4; lastKnownFileType = text.json; path = rating.json; sourceTree = "<group>"; };
		1D239C502970174A00A166A2 /* map.json */ = {isa = PBXFileReference; fileEncoding = 4; lastKnownFileType = text.json; path = map.json; sourceTree = "<group>"; };
		1D239C55297040C400A166A2 /* Lotties.swift */ = {isa = PBXFileReference; fileEncoding = 4; lastKnownFileType = sourcecode.swift; path = Lotties.swift; sourceTree = "<group>"; };
		1D239C5D2970465200A166A2 /* Colors.xcassets */ = {isa = PBXFileReference; lastKnownFileType = folder.assetcatalog; path = Colors.xcassets; sourceTree = "<group>"; };
		1D239C64297050C200A166A2 /* Poppins-MediumItalic.ttf */ = {isa = PBXFileReference; lastKnownFileType = file; path = "Poppins-MediumItalic.ttf"; sourceTree = "<group>"; };
		1D239C65297050C200A166A2 /* Poppins-Thin.ttf */ = {isa = PBXFileReference; lastKnownFileType = file; path = "Poppins-Thin.ttf"; sourceTree = "<group>"; };
		1D239C66297050C200A166A2 /* Poppins-LightItalic.ttf */ = {isa = PBXFileReference; lastKnownFileType = file; path = "Poppins-LightItalic.ttf"; sourceTree = "<group>"; };
		1D239C67297050C200A166A2 /* Poppins-ExtraBoldItalic.ttf */ = {isa = PBXFileReference; lastKnownFileType = file; path = "Poppins-ExtraBoldItalic.ttf"; sourceTree = "<group>"; };
		1D239C68297050C300A166A2 /* Poppins-ExtraLightItalic.ttf */ = {isa = PBXFileReference; lastKnownFileType = file; path = "Poppins-ExtraLightItalic.ttf"; sourceTree = "<group>"; };
		1D239C69297050C300A166A2 /* Poppins-BoldItalic.ttf */ = {isa = PBXFileReference; lastKnownFileType = file; path = "Poppins-BoldItalic.ttf"; sourceTree = "<group>"; };
		1D239C6A297050C300A166A2 /* Poppins-Italic.ttf */ = {isa = PBXFileReference; lastKnownFileType = file; path = "Poppins-Italic.ttf"; sourceTree = "<group>"; };
		1D239C6B297050C300A166A2 /* Poppins-ExtraLight.ttf */ = {isa = PBXFileReference; lastKnownFileType = file; path = "Poppins-ExtraLight.ttf"; sourceTree = "<group>"; };
		1D239C6C297050C300A166A2 /* Poppins-BlackItalic.ttf */ = {isa = PBXFileReference; lastKnownFileType = file; path = "Poppins-BlackItalic.ttf"; sourceTree = "<group>"; };
		1D239C6D297050C300A166A2 /* Poppins-ExtraBold.ttf */ = {isa = PBXFileReference; lastKnownFileType = file; path = "Poppins-ExtraBold.ttf"; sourceTree = "<group>"; };
		1D239C6E297050C300A166A2 /* Poppins-Light.ttf */ = {isa = PBXFileReference; lastKnownFileType = file; path = "Poppins-Light.ttf"; sourceTree = "<group>"; };
		1D239C6F297050C300A166A2 /* Poppins-SemiBoldItalic.ttf */ = {isa = PBXFileReference; lastKnownFileType = file; path = "Poppins-SemiBoldItalic.ttf"; sourceTree = "<group>"; };
		1D239C70297050C300A166A2 /* Poppins-Black.ttf */ = {isa = PBXFileReference; lastKnownFileType = file; path = "Poppins-Black.ttf"; sourceTree = "<group>"; };
		1D239C71297050C300A166A2 /* Poppins-SemiBold.ttf */ = {isa = PBXFileReference; lastKnownFileType = file; path = "Poppins-SemiBold.ttf"; sourceTree = "<group>"; };
		1D239C72297050C300A166A2 /* Poppins-Bold.ttf */ = {isa = PBXFileReference; lastKnownFileType = file; path = "Poppins-Bold.ttf"; sourceTree = "<group>"; };
		1D239C73297050C300A166A2 /* Poppins-Medium.ttf */ = {isa = PBXFileReference; lastKnownFileType = file; path = "Poppins-Medium.ttf"; sourceTree = "<group>"; };
		1D239C74297050C400A166A2 /* Poppins-Regular.ttf */ = {isa = PBXFileReference; lastKnownFileType = file; path = "Poppins-Regular.ttf"; sourceTree = "<group>"; };
		1D239C75297050C400A166A2 /* Poppins-ThinItalic.ttf */ = {isa = PBXFileReference; lastKnownFileType = file; path = "Poppins-ThinItalic.ttf"; sourceTree = "<group>"; };
		1D239C882970514B00A166A2 /* Info.plist */ = {isa = PBXFileReference; lastKnownFileType = text.plist; path = Info.plist; sourceTree = "<group>"; };
		1D239C89297052A800A166A2 /* Fonts.swift */ = {isa = PBXFileReference; fileEncoding = 4; lastKnownFileType = sourcecode.swift; path = Fonts.swift; sourceTree = "<group>"; };
		1D239C8B297053E800A166A2 /* Assets.swift */ = {isa = PBXFileReference; fileEncoding = 4; lastKnownFileType = sourcecode.swift; path = Assets.swift; sourceTree = "<group>"; };
		1D3020B0298ABBA5009A1C2C /* FooterGradient.swift */ = {isa = PBXFileReference; lastKnownFileType = sourcecode.swift; path = FooterGradient.swift; sourceTree = "<group>"; };
		1D88BBE72978890A00A0D05D /* OnboardingNameView.swift */ = {isa = PBXFileReference; lastKnownFileType = sourcecode.swift; path = OnboardingNameView.swift; sourceTree = "<group>"; };
		1D9BBC7829795023005DDBA9 /* TextViews.swift */ = {isa = PBXFileReference; lastKnownFileType = sourcecode.swift; path = TextViews.swift; sourceTree = "<group>"; };
		1DA0A32E298279CC007FED5C /* yummy-dark.json */ = {isa = PBXFileReference; fileEncoding = 4; lastKnownFileType = text.json; path = "yummy-dark.json"; sourceTree = "<group>"; };
		1DA0A3322982BE6F007FED5C /* AddressSearchView.swift */ = {isa = PBXFileReference; lastKnownFileType = sourcecode.swift; path = AddressSearchView.swift; sourceTree = "<group>"; };
		1DA0A3362982D16E007FED5C /* EmptyList.swift */ = {isa = PBXFileReference; lastKnownFileType = sourcecode.swift; path = EmptyList.swift; sourceTree = "<group>"; };
		1DA0A3382982D750007FED5C /* AddressSearchViewModel.swift */ = {isa = PBXFileReference; lastKnownFileType = sourcecode.swift; path = AddressSearchViewModel.swift; sourceTree = "<group>"; };
		1DC7C2FB29796F5200A451DE /* UserDefaultsKeys.swift */ = {isa = PBXFileReference; lastKnownFileType = sourcecode.swift; path = UserDefaultsKeys.swift; sourceTree = "<group>"; };
		1DC7C2FE297975AB00A451DE /* OnboardingIntroViewStep.swift */ = {isa = PBXFileReference; lastKnownFileType = sourcecode.swift; path = OnboardingIntroViewStep.swift; sourceTree = "<group>"; };
		1DC7C31E297AEB7800A451DE /* AddressAutocompleteModel.swift */ = {isa = PBXFileReference; lastKnownFileType = sourcecode.swift; path = AddressAutocompleteModel.swift; sourceTree = "<group>"; };
		1DC7C320297AEC0800A451DE /* PinModel.swift */ = {isa = PBXFileReference; lastKnownFileType = sourcecode.swift; path = PinModel.swift; sourceTree = "<group>"; };
		1DC7C323297AEE4000A451DE /* Engine.swift */ = {isa = PBXFileReference; lastKnownFileType = sourcecode.swift; path = Engine.swift; sourceTree = "<group>"; };
		1DC7C325297AEE6B00A451DE /* PinService.swift */ = {isa = PBXFileReference; lastKnownFileType = sourcecode.swift; path = PinService.swift; sourceTree = "<group>"; };
		1DC7C327297AEF0700A451DE /* LoadedData.swift */ = {isa = PBXFileReference; lastKnownFileType = sourcecode.swift; path = LoadedData.swift; sourceTree = "<group>"; };
		1DC7C32D297E803C00A451DE /* FileStoredData.swift */ = {isa = PBXFileReference; lastKnownFileType = sourcecode.swift; path = FileStoredData.swift; sourceTree = "<group>"; };
		1DE6F2EF29768E8800AF4E64 /* OnboardingIntroView.swift */ = {isa = PBXFileReference; lastKnownFileType = sourcecode.swift; path = OnboardingIntroView.swift; sourceTree = "<group>"; };
		1DE6F2F42976980500AF4E64 /* LottieView.swift */ = {isa = PBXFileReference; lastKnownFileType = sourcecode.swift; path = LottieView.swift; sourceTree = "<group>"; };
		1DE6F2F729769ACA00AF4E64 /* UIProperties.swift */ = {isa = PBXFileReference; lastKnownFileType = sourcecode.swift; path = UIProperties.swift; sourceTree = "<group>"; };
		1DE6F2FA2976E95400AF4E64 /* ButtonView.swift */ = {isa = PBXFileReference; lastKnownFileType = sourcecode.swift; path = ButtonView.swift; sourceTree = "<group>"; };
		1DF947B52983DE5B005B6DDD /* CreateEditPinView.swift */ = {isa = PBXFileReference; lastKnownFileType = sourcecode.swift; path = CreateEditPinView.swift; sourceTree = "<group>"; };
		1DF947B72983DFD6005B6DDD /* CloseButton.swift */ = {isa = PBXFileReference; lastKnownFileType = sourcecode.swift; path = CloseButton.swift; sourceTree = "<group>"; };
		1DF947BB298411B7005B6DDD /* BackButton.swift */ = {isa = PBXFileReference; lastKnownFileType = sourcecode.swift; path = BackButton.swift; sourceTree = "<group>"; };
/* End PBXFileReference section */

/* Begin PBXFrameworksBuildPhase section */
		1D239C0F296F4C4200A166A2 /* Frameworks */ = {
			isa = PBXFrameworksBuildPhase;
			buildActionMask = 2147483647;
			files = (
				1DF947C52984818A005B6DDD /* ImagePickerView in Frameworks */,
				1D239C5C297043FB00A166A2 /* Lottie in Frameworks */,
				1DF947C2298434B7005B6DDD /* StarRating in Frameworks */,
				1DF947BF29841DD3005B6DDD /* Introspect in Frameworks */,
				1D32ED63297EC97F003126D9 /* FileSystemStore in Frameworks */,
			);
			runOnlyForDeploymentPostprocessing = 0;
		};
		1D239C1F296F4C4300A166A2 /* Frameworks */ = {
			isa = PBXFrameworksBuildPhase;
			buildActionMask = 2147483647;
			files = (
			);
			runOnlyForDeploymentPostprocessing = 0;
		};
		1D239C29296F4C4300A166A2 /* Frameworks */ = {
			isa = PBXFrameworksBuildPhase;
			buildActionMask = 2147483647;
			files = (
			);
			runOnlyForDeploymentPostprocessing = 0;
		};
/* End PBXFrameworksBuildPhase section */

/* Begin PBXGroup section */
		1D0353CB298BBBBE00B4AFD2 /* Map */ = {
			isa = PBXGroup;
			children = (
				1D0353D0298BBEC000B4AFD2 /* PinMapView.swift */,
			);
			path = Map;
			sourceTree = "<group>";
		};
		1D0353E3298BEC5500B4AFD2 /* PinImages */ = {
			isa = PBXGroup;
			children = (
				1D0353DD298BE25500B4AFD2 /* PinImages16View.swift */,
				1D0353E1298BEC4B00B4AFD2 /* PinImages15View.swift */,
				1D0353DF298BE30400B4AFD2 /* PinImageThumbView.swift */,
			);
			path = PinImages;
			sourceTree = "<group>";
		};
		1D239C09296F4C4100A166A2 = {
			isa = PBXGroup;
			children = (
				1D239C14296F4C4200A166A2 /* MapPins */,
				1D239C25296F4C4300A166A2 /* MapPinsTests */,
				1D239C2F296F4C4300A166A2 /* MapPinsUITests */,
				1D239C13296F4C4200A166A2 /* Products */,
				1D32ED61297EC95B003126D9 /* Frameworks */,
			);
			sourceTree = "<group>";
		};
		1D239C13296F4C4200A166A2 /* Products */ = {
			isa = PBXGroup;
			children = (
				1D239C12296F4C4200A166A2 /* MapPins.app */,
				1D239C22296F4C4300A166A2 /* MapPinsTests.xctest */,
				1D239C2C296F4C4300A166A2 /* MapPinsUITests.xctest */,
			);
			name = Products;
			sourceTree = "<group>";
		};
		1D239C14296F4C4200A166A2 /* MapPins */ = {
			isa = PBXGroup;
			children = (
				1DC7C322297AEE3600A451DE /* Engine */,
				1DC7C31D297AEB4F00A451DE /* Model */,
				1DE6F2F12976955F00AF4E64 /* Helper */,
				1DE6F2EC29768E4700AF4E64 /* Views */,
				1D239C882970514B00A166A2 /* Info.plist */,
				1D239C40296F563500A166A2 /* resources */,
				1D239C15296F4C4200A166A2 /* MapPinsApp.swift */,
				1D239C17296F4C4200A166A2 /* ContentView.swift */,
				1D239C1B296F4C4300A166A2 /* Preview Content */,
			);
			path = MapPins;
			sourceTree = "<group>";
		};
		1D239C1B296F4C4300A166A2 /* Preview Content */ = {
			isa = PBXGroup;
			children = (
				1D239C1C296F4C4300A166A2 /* Preview Assets.xcassets */,
			);
			path = "Preview Content";
			sourceTree = "<group>";
		};
		1D239C25296F4C4300A166A2 /* MapPinsTests */ = {
			isa = PBXGroup;
			children = (
				1D239C26296F4C4300A166A2 /* PinServiceTests.swift */,
			);
			path = MapPinsTests;
			sourceTree = "<group>";
		};
		1D239C2F296F4C4300A166A2 /* MapPinsUITests */ = {
			isa = PBXGroup;
			children = (
				1D239C30296F4C4300A166A2 /* MapPinsUITests.swift */,
				1D239C32296F4C4300A166A2 /* MapPinsUITestsLaunchTests.swift */,
			);
			path = MapPinsUITests;
			sourceTree = "<group>";
		};
		1D239C40296F563500A166A2 /* resources */ = {
			isa = PBXGroup;
			children = (
				1D239C63297050A700A166A2 /* fonts */,
				1D239C47296F57E700A166A2 /* generated */,
				1D239C4A296F74DC00A166A2 /* animations */,
				1D239C19296F4C4300A166A2 /* Assets.xcassets */,
				1D239C5D2970465200A166A2 /* Colors.xcassets */,
				1D239C46296F57C500A166A2 /* Localizable.strings */,
			);
			path = resources;
			sourceTree = "<group>";
		};
		1D239C47296F57E700A166A2 /* generated */ = {
			isa = PBXGroup;
			children = (
				1D239C8B297053E800A166A2 /* Assets.swift */,
				1D239C89297052A800A166A2 /* Fonts.swift */,
				1D239C55297040C400A166A2 /* Lotties.swift */,
				1D239C48296F71B700A166A2 /* Strings.swift */,
			);
			path = generated;
			sourceTree = "<group>";
		};
		1D239C4A296F74DC00A166A2 /* animations */ = {
			isa = PBXGroup;
			children = (
				1D239C502970174A00A166A2 /* map.json */,
				1D239C4D2970174A00A166A2 /* people.json */,
				1D239C4F2970174A00A166A2 /* rating.json */,
				1D239C4E2970174A00A166A2 /* yummy.json */,
				1DA0A32E298279CC007FED5C /* yummy-dark.json */,
			);
			path = animations;
			sourceTree = "<group>";
		};
		1D239C63297050A700A166A2 /* fonts */ = {
			isa = PBXGroup;
			children = (
				1D239C70297050C300A166A2 /* Poppins-Black.ttf */,
				1D239C6C297050C300A166A2 /* Poppins-BlackItalic.ttf */,
				1D239C72297050C300A166A2 /* Poppins-Bold.ttf */,
				1D239C69297050C300A166A2 /* Poppins-BoldItalic.ttf */,
				1D239C6D297050C300A166A2 /* Poppins-ExtraBold.ttf */,
				1D239C67297050C200A166A2 /* Poppins-ExtraBoldItalic.ttf */,
				1D239C6B297050C300A166A2 /* Poppins-ExtraLight.ttf */,
				1D239C68297050C300A166A2 /* Poppins-ExtraLightItalic.ttf */,
				1D239C6A297050C300A166A2 /* Poppins-Italic.ttf */,
				1D239C6E297050C300A166A2 /* Poppins-Light.ttf */,
				1D239C66297050C200A166A2 /* Poppins-LightItalic.ttf */,
				1D239C73297050C300A166A2 /* Poppins-Medium.ttf */,
				1D239C64297050C200A166A2 /* Poppins-MediumItalic.ttf */,
				1D239C74297050C400A166A2 /* Poppins-Regular.ttf */,
				1D239C71297050C300A166A2 /* Poppins-SemiBold.ttf */,
				1D239C6F297050C300A166A2 /* Poppins-SemiBoldItalic.ttf */,
				1D239C65297050C200A166A2 /* Poppins-Thin.ttf */,
				1D239C75297050C400A166A2 /* Poppins-ThinItalic.ttf */,
			);
			path = fonts;
			sourceTree = "<group>";
		};
		1D32ED61297EC95B003126D9 /* Frameworks */ = {
			isa = PBXGroup;
			children = (
			);
			name = Frameworks;
			sourceTree = "<group>";
		};
		1DC7C2FD2979759C00A451DE /* OnboardingIntroView */ = {
			isa = PBXGroup;
			children = (
				1DE6F2EF29768E8800AF4E64 /* OnboardingIntroView.swift */,
				1DC7C2FE297975AB00A451DE /* OnboardingIntroViewStep.swift */,
			);
			path = OnboardingIntroView;
			sourceTree = "<group>";
		};
		1DC7C319297AEB1800A451DE /* AddressSearch */ = {
			isa = PBXGroup;
			children = (
				1DA0A3322982BE6F007FED5C /* AddressSearchView.swift */,
				1DA0A3382982D750007FED5C /* AddressSearchViewModel.swift */,
			);
			path = AddressSearch;
			sourceTree = "<group>";
		};
		1DC7C31A297AEB2F00A451DE /* CreatePin */ = {
			isa = PBXGroup;
			children = (
				1D0353E3298BEC5500B4AFD2 /* PinImages */,
				1DC7C319297AEB1800A451DE /* AddressSearch */,
				1DF947B52983DE5B005B6DDD /* CreateEditPinView.swift */,
				1D0353D9298BC8E700B4AFD2 /* CreateEditPinViewModel.swift */,
			);
			path = CreatePin;
			sourceTree = "<group>";
		};
		1DC7C31D297AEB4F00A451DE /* Model */ = {
			isa = PBXGroup;
			children = (
				1DC7C320297AEC0800A451DE /* PinModel.swift */,
				1DC7C31E297AEB7800A451DE /* AddressAutocompleteModel.swift */,
			);
			path = Model;
			sourceTree = "<group>";
		};
		1DC7C322297AEE3600A451DE /* Engine */ = {
			isa = PBXGroup;
			children = (
				1DC7C329297E794F00A451DE /* Capabilities */,
				1DC7C323297AEE4000A451DE /* Engine.swift */,
				1DC7C325297AEE6B00A451DE /* PinService.swift */,
				1D0353D4298BBFE600B4AFD2 /* GeoLocationService.swift */,
			);
			path = Engine;
			sourceTree = "<group>";
		};
		1DC7C329297E794F00A451DE /* Capabilities */ = {
			isa = PBXGroup;
			children = (
				1DC7C327297AEF0700A451DE /* LoadedData.swift */,
				1DC7C32D297E803C00A451DE /* FileStoredData.swift */,
			);
			path = Capabilities;
			sourceTree = "<group>";
		};
		1DE6F2EC29768E4700AF4E64 /* Views */ = {
			isa = PBXGroup;
			children = (
				1D0353CB298BBBBE00B4AFD2 /* Map */,
				1DC7C31A297AEB2F00A451DE /* CreatePin */,
				1DE6F2F92976E93F00AF4E64 /* Components */,
				1DE6F2EE29768E5000AF4E64 /* Onboarding */,
			);
			path = Views;
			sourceTree = "<group>";
		};
		1DE6F2EE29768E5000AF4E64 /* Onboarding */ = {
			isa = PBXGroup;
			children = (
				1DC7C2FD2979759C00A451DE /* OnboardingIntroView */,
				1D88BBE72978890A00A0D05D /* OnboardingNameView.swift */,
			);
			path = Onboarding;
			sourceTree = "<group>";
		};
		1DE6F2F12976955F00AF4E64 /* Helper */ = {
			isa = PBXGroup;
			children = (
				1DE6F2F729769ACA00AF4E64 /* UIProperties.swift */,
				1DC7C2FB29796F5200A451DE /* UserDefaultsKeys.swift */,
			);
			path = Helper;
			sourceTree = "<group>";
		};
		1DE6F2F92976E93F00AF4E64 /* Components */ = {
			isa = PBXGroup;
			children = (
				1DE6F2F42976980500AF4E64 /* LottieView.swift */,
				1D9BBC7829795023005DDBA9 /* TextViews.swift */,
				1DE6F2FA2976E95400AF4E64 /* ButtonView.swift */,
				1DA0A3362982D16E007FED5C /* EmptyList.swift */,
				1DF947B72983DFD6005B6DDD /* CloseButton.swift */,
				1DF947BB298411B7005B6DDD /* BackButton.swift */,
				1D3020B0298ABBA5009A1C2C /* FooterGradient.swift */,
			);
			path = Components;
			sourceTree = "<group>";
		};
/* End PBXGroup section */

/* Begin PBXNativeTarget section */
		1D239C11296F4C4200A166A2 /* MapPins */ = {
			isa = PBXNativeTarget;
			buildConfigurationList = 1D239C36296F4C4300A166A2 /* Build configuration list for PBXNativeTarget "MapPins" */;
			buildPhases = (
				1D239C43296F56B400A166A2 /* SwiftGen */,
				1D239C0E296F4C4200A166A2 /* Sources */,
				1D239C0F296F4C4200A166A2 /* Frameworks */,
				1D239C10296F4C4200A166A2 /* Resources */,
				1D239C8E2970557900A166A2 /* SwiftLint */,
			);
			buildRules = (
			);
			dependencies = (
			);
			name = MapPins;
			packageProductDependencies = (
				1D239C5B297043FB00A166A2 /* Lottie */,
				1D32ED62297EC97F003126D9 /* FileSystemStore */,
				1DF947BE29841DD3005B6DDD /* Introspect */,
				1DF947C1298434B7005B6DDD /* StarRating */,
				1DF947C42984818A005B6DDD /* ImagePickerView */,
			);
			productName = MapPins;
			productReference = 1D239C12296F4C4200A166A2 /* MapPins.app */;
			productType = "com.apple.product-type.application";
		};
		1D239C21296F4C4300A166A2 /* MapPinsTests */ = {
			isa = PBXNativeTarget;
			buildConfigurationList = 1D239C39296F4C4300A166A2 /* Build configuration list for PBXNativeTarget "MapPinsTests" */;
			buildPhases = (
				1D239C1E296F4C4300A166A2 /* Sources */,
				1D239C1F296F4C4300A166A2 /* Frameworks */,
				1D239C20296F4C4300A166A2 /* Resources */,
			);
			buildRules = (
			);
			dependencies = (
				1D239C24296F4C4300A166A2 /* PBXTargetDependency */,
			);
			name = MapPinsTests;
			productName = MapPinsTests;
			productReference = 1D239C22296F4C4300A166A2 /* MapPinsTests.xctest */;
			productType = "com.apple.product-type.bundle.unit-test";
		};
		1D239C2B296F4C4300A166A2 /* MapPinsUITests */ = {
			isa = PBXNativeTarget;
			buildConfigurationList = 1D239C3C296F4C4300A166A2 /* Build configuration list for PBXNativeTarget "MapPinsUITests" */;
			buildPhases = (
				1D239C28296F4C4300A166A2 /* Sources */,
				1D239C29296F4C4300A166A2 /* Frameworks */,
				1D239C2A296F4C4300A166A2 /* Resources */,
			);
			buildRules = (
			);
			dependencies = (
				1D239C2E296F4C4300A166A2 /* PBXTargetDependency */,
			);
			name = MapPinsUITests;
			productName = MapPinsUITests;
			productReference = 1D239C2C296F4C4300A166A2 /* MapPinsUITests.xctest */;
			productType = "com.apple.product-type.bundle.ui-testing";
		};
/* End PBXNativeTarget section */

/* Begin PBXProject section */
		1D239C0A296F4C4100A166A2 /* Project object */ = {
			isa = PBXProject;
			attributes = {
				BuildIndependentTargetsInParallel = 1;
				LastSwiftUpdateCheck = 1420;
				LastUpgradeCheck = 1420;
				TargetAttributes = {
					1D239C11296F4C4200A166A2 = {
						CreatedOnToolsVersion = 14.2;
					};
					1D239C21296F4C4300A166A2 = {
						CreatedOnToolsVersion = 14.2;
						TestTargetID = 1D239C11296F4C4200A166A2;
					};
					1D239C2B296F4C4300A166A2 = {
						CreatedOnToolsVersion = 14.2;
						TestTargetID = 1D239C11296F4C4200A166A2;
					};
				};
			};
			buildConfigurationList = 1D239C0D296F4C4100A166A2 /* Build configuration list for PBXProject "MapPins" */;
			compatibilityVersion = "Xcode 14.0";
			developmentRegion = en;
			hasScannedForEncodings = 0;
			knownRegions = (
				en,
				Base,
			);
			mainGroup = 1D239C09296F4C4100A166A2;
			packageReferences = (
				1D239C3F296F4C9900A166A2 /* XCRemoteSwiftPackageReference "SwiftGen" */,
				1D239C5A297043FB00A166A2 /* XCRemoteSwiftPackageReference "lottie-ios" */,
				1D239C8D2970556800A166A2 /* XCRemoteSwiftPackageReference "SwiftLint" */,
				1DC7C32C297E7EA500A451DE /* XCRemoteSwiftPackageReference "Stores" */,
				1DF947BD29841DD3005B6DDD /* XCRemoteSwiftPackageReference "SwiftUI-Introspect" */,
				1DF947C0298434B7005B6DDD /* XCRemoteSwiftPackageReference "StarRating" */,
				1DF947C32984818A005B6DDD /* XCRemoteSwiftPackageReference "ImagePickerView" */,
			);
			productRefGroup = 1D239C13296F4C4200A166A2 /* Products */;
			projectDirPath = "";
			projectRoot = "";
			targets = (
				1D239C11296F4C4200A166A2 /* MapPins */,
				1D239C21296F4C4300A166A2 /* MapPinsTests */,
				1D239C2B296F4C4300A166A2 /* MapPinsUITests */,
			);
		};
/* End PBXProject section */

/* Begin PBXResourcesBuildPhase section */
		1D239C10296F4C4200A166A2 /* Resources */ = {
			isa = PBXResourcesBuildPhase;
			buildActionMask = 2147483647;
			files = (
				1D239C79297050DB00A166A2 /* Poppins-ExtraBoldItalic.ttf in Resources */,
				1D239C7E297050DB00A166A2 /* Poppins-Italic.ttf in Resources */,
				1D239C7B297050DB00A166A2 /* Poppins-Medium.ttf in Resources */,
				1D239C83297050DB00A166A2 /* Poppins-ThinItalic.ttf in Resources */,
				1D239C78297050DB00A166A2 /* Poppins-SemiBoldItalic.ttf in Resources */,
				1D239C80297050DB00A166A2 /* Poppins-MediumItalic.ttf in Resources */,
				1D239C522970174A00A166A2 /* yummy.json in Resources */,
				1D239C7A297050DB00A166A2 /* Poppins-Thin.ttf in Resources */,
				1D239C82297050DB00A166A2 /* Poppins-Light.ttf in Resources */,
				1D239C77297050DB00A166A2 /* Poppins-LightItalic.ttf in Resources */,
				1D239C86297050DB00A166A2 /* Poppins-ExtraLight.ttf in Resources */,
				1D239C512970174A00A166A2 /* people.json in Resources */,
				1D239C87297050DB00A166A2 /* Poppins-ExtraBold.ttf in Resources */,
				1D239C1D296F4C4300A166A2 /* Preview Assets.xcassets in Resources */,
				1DA0A32F298279CD007FED5C /* yummy-dark.json in Resources */,
				1D239C44296F57C500A166A2 /* Localizable.strings in Resources */,
				1D239C7C297050DB00A166A2 /* Poppins-Black.ttf in Resources */,
				1D239C532970174A00A166A2 /* rating.json in Resources */,
				1D239C7F297050DB00A166A2 /* Poppins-ExtraLightItalic.ttf in Resources */,
				1D239C5E2970465200A166A2 /* Colors.xcassets in Resources */,
				1D239C7D297050DB00A166A2 /* Poppins-BlackItalic.ttf in Resources */,
				1D239C76297050DB00A166A2 /* Poppins-SemiBold.ttf in Resources */,
				1D239C85297050DB00A166A2 /* Poppins-Bold.ttf in Resources */,
				1D239C1A296F4C4300A166A2 /* Assets.xcassets in Resources */,
				1D239C542970174A00A166A2 /* map.json in Resources */,
				1D239C81297050DB00A166A2 /* Poppins-BoldItalic.ttf in Resources */,
				1D239C84297050DB00A166A2 /* Poppins-Regular.ttf in Resources */,
			);
			runOnlyForDeploymentPostprocessing = 0;
		};
		1D239C20296F4C4300A166A2 /* Resources */ = {
			isa = PBXResourcesBuildPhase;
			buildActionMask = 2147483647;
			files = (
			);
			runOnlyForDeploymentPostprocessing = 0;
		};
		1D239C2A296F4C4300A166A2 /* Resources */ = {
			isa = PBXResourcesBuildPhase;
			buildActionMask = 2147483647;
			files = (
			);
			runOnlyForDeploymentPostprocessing = 0;
		};
/* End PBXResourcesBuildPhase section */

/* Begin PBXShellScriptBuildPhase section */
		1D239C43296F56B400A166A2 /* SwiftGen */ = {
			isa = PBXShellScriptBuildPhase;
			buildActionMask = 2147483647;
			files = (
			);
			inputFileListPaths = (
			);
			inputPaths = (
			);
			name = SwiftGen;
			outputFileListPaths = (
			);
			outputPaths = (
			);
			runOnlyForDeploymentPostprocessing = 0;
			shellPath = /bin/sh;
			shellScript = "echo \"Build Phase - Begin SwiftGen\"\n./runSwiftGen.sh\necho \"Build Phase - End SwiftGen\"\n";
		};
		1D239C8E2970557900A166A2 /* SwiftLint */ = {
			isa = PBXShellScriptBuildPhase;
			buildActionMask = 2147483647;
			files = (
			);
			inputFileListPaths = (
			);
			inputPaths = (
			);
			name = SwiftLint;
			outputFileListPaths = (
			);
			outputPaths = (
			);
			runOnlyForDeploymentPostprocessing = 0;
			shellPath = /bin/sh;
			shellScript = "if test -d \"/opt/homebrew/bin/\"; then\n  PATH=\"/opt/homebrew/bin/:${PATH}\"\nfi\n\nexport PATH\n\nif which swiftlint >/dev/null; then\n    swiftlint\nelse\n    echo \"warning: SwiftLint not installed, download from https://github.com/realm/SwiftLint\"\nfi\n";
		};
/* End PBXShellScriptBuildPhase section */

/* Begin PBXSourcesBuildPhase section */
		1D239C0E296F4C4200A166A2 /* Sources */ = {
			isa = PBXSourcesBuildPhase;
			buildActionMask = 2147483647;
			files = (
				1DC7C2FF297975AB00A451DE /* OnboardingIntroViewStep.swift in Sources */,
				1D0353E2298BEC4B00B4AFD2 /* PinImages15View.swift in Sources */,
				1D0353E0298BE30400B4AFD2 /* PinImageThumbView.swift in Sources */,
				1DC7C321297AEC0800A451DE /* PinModel.swift in Sources */,
				1DE6F2F829769ACA00AF4E64 /* UIProperties.swift in Sources */,
				1D239C56297040C400A166A2 /* Lotties.swift in Sources */,
				1DF947B62983DE5B005B6DDD /* CreateEditPinView.swift in Sources */,
				1DE6F2FB2976E95400AF4E64 /* ButtonView.swift in Sources */,
				1DA0A3392982D750007FED5C /* AddressSearchViewModel.swift in Sources */,
				1D0353D1298BBEC000B4AFD2 /* PinMapView.swift in Sources */,
				1D0353DE298BE25500B4AFD2 /* PinImages16View.swift in Sources */,
				1D239C8A297052A800A166A2 /* Fonts.swift in Sources */,
				1D239C8C297053E800A166A2 /* Assets.swift in Sources */,
				1DC7C326297AEE6B00A451DE /* PinService.swift in Sources */,
				1DC7C324297AEE4000A451DE /* Engine.swift in Sources */,
				1DC7C328297AEF0700A451DE /* LoadedData.swift in Sources */,
				1D9BBC7929795023005DDBA9 /* TextViews.swift in Sources */,
				1D239C18296F4C4200A166A2 /* ContentView.swift in Sources */,
				1DE6F2F029768E8800AF4E64 /* OnboardingIntroView.swift in Sources */,
				1DF947B82983DFD6005B6DDD /* CloseButton.swift in Sources */,
				1D239C49296F71B700A166A2 /* Strings.swift in Sources */,
				1D3020B1298ABBA5009A1C2C /* FooterGradient.swift in Sources */,
				1DA0A3332982BE6F007FED5C /* AddressSearchView.swift in Sources */,
				1DC7C32E297E803C00A451DE /* FileStoredData.swift in Sources */,
				1D88BBE82978890A00A0D05D /* OnboardingNameView.swift in Sources */,
				1D239C16296F4C4200A166A2 /* MapPinsApp.swift in Sources */,
				1DE6F2F52976980500AF4E64 /* LottieView.swift in Sources */,
				1DA0A3372982D16E007FED5C /* EmptyList.swift in Sources */,
				1D0353D5298BBFE600B4AFD2 /* GeoLocationService.swift in Sources */,
				1DC7C2FC29796F5200A451DE /* UserDefaultsKeys.swift in Sources */,
				1DF947BC298411B7005B6DDD /* BackButton.swift in Sources */,
				1D0353DA298BC8E700B4AFD2 /* CreateEditPinViewModel.swift in Sources */,
				1DC7C31F297AEB7800A451DE /* AddressAutocompleteModel.swift in Sources */,
			);
			runOnlyForDeploymentPostprocessing = 0;
		};
		1D239C1E296F4C4300A166A2 /* Sources */ = {
			isa = PBXSourcesBuildPhase;
			buildActionMask = 2147483647;
			files = (
				1D239C27296F4C4300A166A2 /* PinServiceTests.swift in Sources */,
			);
			runOnlyForDeploymentPostprocessing = 0;
		};
		1D239C28296F4C4300A166A2 /* Sources */ = {
			isa = PBXSourcesBuildPhase;
			buildActionMask = 2147483647;
			files = (
				1D239C31296F4C4300A166A2 /* MapPinsUITests.swift in Sources */,
				1D239C33296F4C4300A166A2 /* MapPinsUITestsLaunchTests.swift in Sources */,
			);
			runOnlyForDeploymentPostprocessing = 0;
		};
/* End PBXSourcesBuildPhase section */

/* Begin PBXTargetDependency section */
		1D239C24296F4C4300A166A2 /* PBXTargetDependency */ = {
			isa = PBXTargetDependency;
			target = 1D239C11296F4C4200A166A2 /* MapPins */;
			targetProxy = 1D239C23296F4C4300A166A2 /* PBXContainerItemProxy */;
		};
		1D239C2E296F4C4300A166A2 /* PBXTargetDependency */ = {
			isa = PBXTargetDependency;
			target = 1D239C11296F4C4200A166A2 /* MapPins */;
			targetProxy = 1D239C2D296F4C4300A166A2 /* PBXContainerItemProxy */;
		};
/* End PBXTargetDependency section */

/* Begin PBXVariantGroup section */
		1D239C46296F57C500A166A2 /* Localizable.strings */ = {
			isa = PBXVariantGroup;
			children = (
				1D239C45296F57C500A166A2 /* en */,
			);
			name = Localizable.strings;
			sourceTree = "<group>";
		};
/* End PBXVariantGroup section */

/* Begin XCBuildConfiguration section */
		1D239C34296F4C4300A166A2 /* Debug */ = {
			isa = XCBuildConfiguration;
			buildSettings = {
				ALWAYS_SEARCH_USER_PATHS = NO;
				CLANG_ANALYZER_NONNULL = YES;
				CLANG_ANALYZER_NUMBER_OBJECT_CONVERSION = YES_AGGRESSIVE;
				CLANG_CXX_LANGUAGE_STANDARD = "gnu++20";
				CLANG_ENABLE_MODULES = YES;
				CLANG_ENABLE_OBJC_ARC = YES;
				CLANG_ENABLE_OBJC_WEAK = YES;
				CLANG_WARN_BLOCK_CAPTURE_AUTORELEASING = YES;
				CLANG_WARN_BOOL_CONVERSION = YES;
				CLANG_WARN_COMMA = YES;
				CLANG_WARN_CONSTANT_CONVERSION = YES;
				CLANG_WARN_DEPRECATED_OBJC_IMPLEMENTATIONS = YES;
				CLANG_WARN_DIRECT_OBJC_ISA_USAGE = YES_ERROR;
				CLANG_WARN_DOCUMENTATION_COMMENTS = YES;
				CLANG_WARN_EMPTY_BODY = YES;
				CLANG_WARN_ENUM_CONVERSION = YES;
				CLANG_WARN_INFINITE_RECURSION = YES;
				CLANG_WARN_INT_CONVERSION = YES;
				CLANG_WARN_NON_LITERAL_NULL_CONVERSION = YES;
				CLANG_WARN_OBJC_IMPLICIT_RETAIN_SELF = YES;
				CLANG_WARN_OBJC_LITERAL_CONVERSION = YES;
				CLANG_WARN_OBJC_ROOT_CLASS = YES_ERROR;
				CLANG_WARN_QUOTED_INCLUDE_IN_FRAMEWORK_HEADER = YES;
				CLANG_WARN_RANGE_LOOP_ANALYSIS = YES;
				CLANG_WARN_STRICT_PROTOTYPES = YES;
				CLANG_WARN_SUSPICIOUS_MOVE = YES;
				CLANG_WARN_UNGUARDED_AVAILABILITY = YES_AGGRESSIVE;
				CLANG_WARN_UNREACHABLE_CODE = YES;
				CLANG_WARN__DUPLICATE_METHOD_MATCH = YES;
				COPY_PHASE_STRIP = NO;
				DEBUG_INFORMATION_FORMAT = dwarf;
				ENABLE_STRICT_OBJC_MSGSEND = YES;
				ENABLE_TESTABILITY = YES;
				GCC_C_LANGUAGE_STANDARD = gnu11;
				GCC_DYNAMIC_NO_PIC = NO;
				GCC_NO_COMMON_BLOCKS = YES;
				GCC_OPTIMIZATION_LEVEL = 0;
				GCC_PREPROCESSOR_DEFINITIONS = (
					"DEBUG=1",
					"$(inherited)",
				);
				GCC_WARN_64_TO_32_BIT_CONVERSION = YES;
				GCC_WARN_ABOUT_RETURN_TYPE = YES_ERROR;
				GCC_WARN_UNDECLARED_SELECTOR = YES;
				GCC_WARN_UNINITIALIZED_AUTOS = YES_AGGRESSIVE;
				GCC_WARN_UNUSED_FUNCTION = YES;
				GCC_WARN_UNUSED_VARIABLE = YES;
				IPHONEOS_DEPLOYMENT_TARGET = 15.5;
				MTL_ENABLE_DEBUG_INFO = INCLUDE_SOURCE;
				MTL_FAST_MATH = YES;
				ONLY_ACTIVE_ARCH = YES;
				SDKROOT = iphoneos;
				SWIFT_ACTIVE_COMPILATION_CONDITIONS = DEBUG;
				SWIFT_OPTIMIZATION_LEVEL = "-Onone";
			};
			name = Debug;
		};
		1D239C35296F4C4300A166A2 /* Release */ = {
			isa = XCBuildConfiguration;
			buildSettings = {
				ALWAYS_SEARCH_USER_PATHS = NO;
				CLANG_ANALYZER_NONNULL = YES;
				CLANG_ANALYZER_NUMBER_OBJECT_CONVERSION = YES_AGGRESSIVE;
				CLANG_CXX_LANGUAGE_STANDARD = "gnu++20";
				CLANG_ENABLE_MODULES = YES;
				CLANG_ENABLE_OBJC_ARC = YES;
				CLANG_ENABLE_OBJC_WEAK = YES;
				CLANG_WARN_BLOCK_CAPTURE_AUTORELEASING = YES;
				CLANG_WARN_BOOL_CONVERSION = YES;
				CLANG_WARN_COMMA = YES;
				CLANG_WARN_CONSTANT_CONVERSION = YES;
				CLANG_WARN_DEPRECATED_OBJC_IMPLEMENTATIONS = YES;
				CLANG_WARN_DIRECT_OBJC_ISA_USAGE = YES_ERROR;
				CLANG_WARN_DOCUMENTATION_COMMENTS = YES;
				CLANG_WARN_EMPTY_BODY = YES;
				CLANG_WARN_ENUM_CONVERSION = YES;
				CLANG_WARN_INFINITE_RECURSION = YES;
				CLANG_WARN_INT_CONVERSION = YES;
				CLANG_WARN_NON_LITERAL_NULL_CONVERSION = YES;
				CLANG_WARN_OBJC_IMPLICIT_RETAIN_SELF = YES;
				CLANG_WARN_OBJC_LITERAL_CONVERSION = YES;
				CLANG_WARN_OBJC_ROOT_CLASS = YES_ERROR;
				CLANG_WARN_QUOTED_INCLUDE_IN_FRAMEWORK_HEADER = YES;
				CLANG_WARN_RANGE_LOOP_ANALYSIS = YES;
				CLANG_WARN_STRICT_PROTOTYPES = YES;
				CLANG_WARN_SUSPICIOUS_MOVE = YES;
				CLANG_WARN_UNGUARDED_AVAILABILITY = YES_AGGRESSIVE;
				CLANG_WARN_UNREACHABLE_CODE = YES;
				CLANG_WARN__DUPLICATE_METHOD_MATCH = YES;
				COPY_PHASE_STRIP = NO;
				DEBUG_INFORMATION_FORMAT = "dwarf-with-dsym";
				ENABLE_NS_ASSERTIONS = NO;
				ENABLE_STRICT_OBJC_MSGSEND = YES;
				GCC_C_LANGUAGE_STANDARD = gnu11;
				GCC_NO_COMMON_BLOCKS = YES;
				GCC_WARN_64_TO_32_BIT_CONVERSION = YES;
				GCC_WARN_ABOUT_RETURN_TYPE = YES_ERROR;
				GCC_WARN_UNDECLARED_SELECTOR = YES;
				GCC_WARN_UNINITIALIZED_AUTOS = YES_AGGRESSIVE;
				GCC_WARN_UNUSED_FUNCTION = YES;
				GCC_WARN_UNUSED_VARIABLE = YES;
				IPHONEOS_DEPLOYMENT_TARGET = 15.5;
				MTL_ENABLE_DEBUG_INFO = NO;
				MTL_FAST_MATH = YES;
				SDKROOT = iphoneos;
				SWIFT_COMPILATION_MODE = wholemodule;
				SWIFT_OPTIMIZATION_LEVEL = "-O";
				VALIDATE_PRODUCT = YES;
			};
			name = Release;
		};
		1D239C37296F4C4300A166A2 /* Debug */ = {
			isa = XCBuildConfiguration;
			buildSettings = {
				ASSETCATALOG_COMPILER_APPICON_NAME = AppIcon;
				ASSETCATALOG_COMPILER_GLOBAL_ACCENT_COLOR_NAME = AccentColor;
				CODE_SIGN_STYLE = Automatic;
				CURRENT_PROJECT_VERSION = 1;
				DEVELOPMENT_ASSET_PATHS = "\"MapPins/Preview Content\"";
				DEVELOPMENT_TEAM = 49AZBTK8RR;
				ENABLE_PREVIEWS = YES;
				GENERATE_INFOPLIST_FILE = YES;
				INFOPLIST_FILE = MapPins/Info.plist;
				INFOPLIST_KEY_UIApplicationSupportsIndirectInputEvents = YES;
				INFOPLIST_KEY_UISupportedInterfaceOrientations = "UIInterfaceOrientationLandscapeLeft UIInterfaceOrientationLandscapeRight UIInterfaceOrientationPortrait";
				IPHONEOS_DEPLOYMENT_TARGET = 15.5;
				LD_RUNPATH_SEARCH_PATHS = (
					"$(inherited)",
					"@executable_path/Frameworks",
				);
				MARKETING_VERSION = 1.0;
				PRODUCT_BUNDLE_IDENTIFIER = com.tomAppMaker.MapPins.MapPins;
				PRODUCT_NAME = "$(TARGET_NAME)";
				SWIFT_EMIT_LOC_STRINGS = YES;
				SWIFT_VERSION = 5.0;
				TARGETED_DEVICE_FAMILY = "1,2";
			};
			name = Debug;
		};
		1D239C38296F4C4300A166A2 /* Release */ = {
			isa = XCBuildConfiguration;
			buildSettings = {
				ASSETCATALOG_COMPILER_APPICON_NAME = AppIcon;
				ASSETCATALOG_COMPILER_GLOBAL_ACCENT_COLOR_NAME = AccentColor;
				CODE_SIGN_STYLE = Automatic;
				CURRENT_PROJECT_VERSION = 1;
				DEVELOPMENT_ASSET_PATHS = "\"MapPins/Preview Content\"";
				DEVELOPMENT_TEAM = 49AZBTK8RR;
				ENABLE_PREVIEWS = YES;
				GENERATE_INFOPLIST_FILE = YES;
				INFOPLIST_FILE = MapPins/Info.plist;
				INFOPLIST_KEY_UIApplicationSupportsIndirectInputEvents = YES;
				INFOPLIST_KEY_UISupportedInterfaceOrientations = "UIInterfaceOrientationLandscapeLeft UIInterfaceOrientationLandscapeRight UIInterfaceOrientationPortrait";
				IPHONEOS_DEPLOYMENT_TARGET = 15.5;
				LD_RUNPATH_SEARCH_PATHS = (
					"$(inherited)",
					"@executable_path/Frameworks",
				);
				MARKETING_VERSION = 1.0;
				PRODUCT_BUNDLE_IDENTIFIER = com.tomAppMaker.MapPins.MapPins;
				PRODUCT_NAME = "$(TARGET_NAME)";
				SWIFT_EMIT_LOC_STRINGS = YES;
				SWIFT_VERSION = 5.0;
				TARGETED_DEVICE_FAMILY = "1,2";
			};
			name = Release;
		};
		1D239C3A296F4C4300A166A2 /* Debug */ = {
			isa = XCBuildConfiguration;
			buildSettings = {
				ALWAYS_EMBED_SWIFT_STANDARD_LIBRARIES = YES;
				BUNDLE_LOADER = "$(TEST_HOST)";
				CODE_SIGN_STYLE = Automatic;
				CURRENT_PROJECT_VERSION = 1;
				DEVELOPMENT_TEAM = 49AZBTK8RR;
				GENERATE_INFOPLIST_FILE = YES;
				IPHONEOS_DEPLOYMENT_TARGET = 15.5;
				MARKETING_VERSION = 1.0;
				PRODUCT_BUNDLE_IDENTIFIER = com.tomAppMaker.MapPins.MapPinsTests;
				PRODUCT_NAME = "$(TARGET_NAME)";
				SWIFT_EMIT_LOC_STRINGS = NO;
				SWIFT_VERSION = 5.0;
				TARGETED_DEVICE_FAMILY = "1,2";
				TEST_HOST = "$(BUILT_PRODUCTS_DIR)/MapPins.app/$(BUNDLE_EXECUTABLE_FOLDER_PATH)/MapPins";
			};
			name = Debug;
		};
		1D239C3B296F4C4300A166A2 /* Release */ = {
			isa = XCBuildConfiguration;
			buildSettings = {
				ALWAYS_EMBED_SWIFT_STANDARD_LIBRARIES = YES;
				BUNDLE_LOADER = "$(TEST_HOST)";
				CODE_SIGN_STYLE = Automatic;
				CURRENT_PROJECT_VERSION = 1;
				DEVELOPMENT_TEAM = 49AZBTK8RR;
				GENERATE_INFOPLIST_FILE = YES;
				IPHONEOS_DEPLOYMENT_TARGET = 15.5;
				MARKETING_VERSION = 1.0;
				PRODUCT_BUNDLE_IDENTIFIER = com.tomAppMaker.MapPins.MapPinsTests;
				PRODUCT_NAME = "$(TARGET_NAME)";
				SWIFT_EMIT_LOC_STRINGS = NO;
				SWIFT_VERSION = 5.0;
				TARGETED_DEVICE_FAMILY = "1,2";
				TEST_HOST = "$(BUILT_PRODUCTS_DIR)/MapPins.app/$(BUNDLE_EXECUTABLE_FOLDER_PATH)/MapPins";
			};
			name = Release;
		};
		1D239C3D296F4C4300A166A2 /* Debug */ = {
			isa = XCBuildConfiguration;
			buildSettings = {
				ALWAYS_EMBED_SWIFT_STANDARD_LIBRARIES = YES;
				CODE_SIGN_STYLE = Automatic;
				CURRENT_PROJECT_VERSION = 1;
				DEVELOPMENT_TEAM = 49AZBTK8RR;
				GENERATE_INFOPLIST_FILE = YES;
				MARKETING_VERSION = 1.0;
				PRODUCT_BUNDLE_IDENTIFIER = com.tomAppMaker.MapPins.MapPinsUITests;
				PRODUCT_NAME = "$(TARGET_NAME)";
				SWIFT_EMIT_LOC_STRINGS = NO;
				SWIFT_VERSION = 5.0;
				TARGETED_DEVICE_FAMILY = "1,2";
				TEST_TARGET_NAME = MapPins;
			};
			name = Debug;
		};
		1D239C3E296F4C4300A166A2 /* Release */ = {
			isa = XCBuildConfiguration;
			buildSettings = {
				ALWAYS_EMBED_SWIFT_STANDARD_LIBRARIES = YES;
				CODE_SIGN_STYLE = Automatic;
				CURRENT_PROJECT_VERSION = 1;
				DEVELOPMENT_TEAM = 49AZBTK8RR;
				GENERATE_INFOPLIST_FILE = YES;
				MARKETING_VERSION = 1.0;
				PRODUCT_BUNDLE_IDENTIFIER = com.tomAppMaker.MapPins.MapPinsUITests;
				PRODUCT_NAME = "$(TARGET_NAME)";
				SWIFT_EMIT_LOC_STRINGS = NO;
				SWIFT_VERSION = 5.0;
				TARGETED_DEVICE_FAMILY = "1,2";
				TEST_TARGET_NAME = MapPins;
			};
			name = Release;
		};
/* End XCBuildConfiguration section */

/* Begin XCConfigurationList section */
		1D239C0D296F4C4100A166A2 /* Build configuration list for PBXProject "MapPins" */ = {
			isa = XCConfigurationList;
			buildConfigurations = (
				1D239C34296F4C4300A166A2 /* Debug */,
				1D239C35296F4C4300A166A2 /* Release */,
			);
			defaultConfigurationIsVisible = 0;
			defaultConfigurationName = Release;
		};
		1D239C36296F4C4300A166A2 /* Build configuration list for PBXNativeTarget "MapPins" */ = {
			isa = XCConfigurationList;
			buildConfigurations = (
				1D239C37296F4C4300A166A2 /* Debug */,
				1D239C38296F4C4300A166A2 /* Release */,
			);
			defaultConfigurationIsVisible = 0;
			defaultConfigurationName = Release;
		};
		1D239C39296F4C4300A166A2 /* Build configuration list for PBXNativeTarget "MapPinsTests" */ = {
			isa = XCConfigurationList;
			buildConfigurations = (
				1D239C3A296F4C4300A166A2 /* Debug */,
				1D239C3B296F4C4300A166A2 /* Release */,
			);
			defaultConfigurationIsVisible = 0;
			defaultConfigurationName = Release;
		};
		1D239C3C296F4C4300A166A2 /* Build configuration list for PBXNativeTarget "MapPinsUITests" */ = {
			isa = XCConfigurationList;
			buildConfigurations = (
				1D239C3D296F4C4300A166A2 /* Debug */,
				1D239C3E296F4C4300A166A2 /* Release */,
			);
			defaultConfigurationIsVisible = 0;
			defaultConfigurationName = Release;
		};
/* End XCConfigurationList section */

/* Begin XCRemoteSwiftPackageReference section */
		1D239C3F296F4C9900A166A2 /* XCRemoteSwiftPackageReference "SwiftGen" */ = {
			isa = XCRemoteSwiftPackageReference;
			repositoryURL = "https://github.com/SwiftGen/SwiftGen";
			requirement = {
				kind = upToNextMajorVersion;
				minimumVersion = 6.0.0;
			};
		};
		1D239C5A297043FB00A166A2 /* XCRemoteSwiftPackageReference "lottie-ios" */ = {
			isa = XCRemoteSwiftPackageReference;
			repositoryURL = "https://github.com/airbnb/lottie-ios";
			requirement = {
				kind = upToNextMajorVersion;
				minimumVersion = 4.0.0;
			};
		};
		1D239C8D2970556800A166A2 /* XCRemoteSwiftPackageReference "SwiftLint" */ = {
			isa = XCRemoteSwiftPackageReference;
			repositoryURL = "https://github.com/realm/SwiftLint";
			requirement = {
				branch = main;
				kind = branch;
			};
		};
		1DC7C32C297E7EA500A451DE /* XCRemoteSwiftPackageReference "Stores" */ = {
			isa = XCRemoteSwiftPackageReference;
			repositoryURL = "https://github.com/omaralbeik/Stores";
			requirement = {
				kind = upToNextMajorVersion;
				minimumVersion = 0.4.1;
			};
		};
		1DF947BD29841DD3005B6DDD /* XCRemoteSwiftPackageReference "SwiftUI-Introspect" */ = {
			isa = XCRemoteSwiftPackageReference;
			repositoryURL = "https://github.com/siteline/SwiftUI-Introspect.git";
			requirement = {
				kind = upToNextMajorVersion;
				minimumVersion = 0.1.4;
			};
		};
		1DF947C0298434B7005B6DDD /* XCRemoteSwiftPackageReference "StarRating" */ = {
			isa = XCRemoteSwiftPackageReference;
			repositoryURL = "https://github.com/dkk/StarRating";
			requirement = {
				kind = upToNextMajorVersion;
				minimumVersion = 2.0.0;
			};
		};
		1DF947C32984818A005B6DDD /* XCRemoteSwiftPackageReference "ImagePickerView" */ = {
			isa = XCRemoteSwiftPackageReference;
			repositoryURL = "https://github.com/ralfebert/ImagePickerView";
			requirement = {
				kind = upToNextMajorVersion;
				minimumVersion = 0.5.0;
			};
		};
/* End XCRemoteSwiftPackageReference section */

/* Begin XCSwiftPackageProductDependency section */
		1D239C5B297043FB00A166A2 /* Lottie */ = {
			isa = XCSwiftPackageProductDependency;
			package = 1D239C5A297043FB00A166A2 /* XCRemoteSwiftPackageReference "lottie-ios" */;
			productName = Lottie;
		};
		1D32ED62297EC97F003126D9 /* FileSystemStore */ = {
			isa = XCSwiftPackageProductDependency;
			package = 1DC7C32C297E7EA500A451DE /* XCRemoteSwiftPackageReference "Stores" */;
			productName = FileSystemStore;
		};
		1DF947BE29841DD3005B6DDD /* Introspect */ = {
			isa = XCSwiftPackageProductDependency;
			package = 1DF947BD29841DD3005B6DDD /* XCRemoteSwiftPackageReference "SwiftUI-Introspect" */;
			productName = Introspect;
		};
		1DF947C1298434B7005B6DDD /* StarRating */ = {
			isa = XCSwiftPackageProductDependency;
			package = 1DF947C0298434B7005B6DDD /* XCRemoteSwiftPackageReference "StarRating" */;
			productName = StarRating;
		};
		1DF947C42984818A005B6DDD /* ImagePickerView */ = {
			isa = XCSwiftPackageProductDependency;
			package = 1DF947C32984818A005B6DDD /* XCRemoteSwiftPackageReference "ImagePickerView" */;
			productName = ImagePickerView;
		};
/* End XCSwiftPackageProductDependency section */
	};
	rootObject = 1D239C0A296F4C4100A166A2 /* Project object */;
}
